// !$*UTF8*$!
{
	archiveVersion = 1;
	classes = {
	};
	objectVersion = 46;
	objects = {

/* Begin PBXBuildFile section */
		7701563A1C9E1240001A4B1E /* Message.swift in Sources */ = {isa = PBXBuildFile; fileRef = 770156391C9E1240001A4B1E /* Message.swift */; };
		772C71F91CA936F60013B735 /* FBEncryptorAES.m in Sources */ = {isa = PBXBuildFile; fileRef = 772C71F61CA936F60013B735 /* FBEncryptorAES.m */; };
		772C71FA1CA936F60013B735 /* NSData+Base64.m in Sources */ = {isa = PBXBuildFile; fileRef = 772C71F81CA936F60013B735 /* NSData+Base64.m */; };
		772C72171CA946830013B735 /* RealmKey.swift in Sources */ = {isa = PBXBuildFile; fileRef = 772C72161CA946830013B735 /* RealmKey.swift */; };
		772C83021C9A40ED00A9541C /* RealmUser.swift in Sources */ = {isa = PBXBuildFile; fileRef = 772C83011C9A40ED00A9541C /* RealmUser.swift */; };
		772C83041C9A410400A9541C /* RealmMessage.swift in Sources */ = {isa = PBXBuildFile; fileRef = 772C83031C9A410400A9541C /* RealmMessage.swift */; };
		772C83061C9A410C00A9541C /* RealmChat.swift in Sources */ = {isa = PBXBuildFile; fileRef = 772C83051C9A410C00A9541C /* RealmChat.swift */; };
		772C83081C9A4AF400A9541C /* ActiveUser.swift in Sources */ = {isa = PBXBuildFile; fileRef = 772C83071C9A4AF400A9541C /* ActiveUser.swift */; };
		772C830A1C9A619B00A9541C /* MessageList.swift in Sources */ = {isa = PBXBuildFile; fileRef = 772C83091C9A619B00A9541C /* MessageList.swift */; };
		774FBF901CE88CF700A382E2 /* JTSAnimatedGIFUtility.m in Sources */ = {isa = PBXBuildFile; fileRef = 774FBF851CE88CF700A382E2 /* JTSAnimatedGIFUtility.m */; };
		774FBF911CE88CF700A382E2 /* JTSImageInfo.m in Sources */ = {isa = PBXBuildFile; fileRef = 774FBF871CE88CF700A382E2 /* JTSImageInfo.m */; };
		774FBF921CE88CF700A382E2 /* JTSImageViewController.m in Sources */ = {isa = PBXBuildFile; fileRef = 774FBF891CE88CF700A382E2 /* JTSImageViewController.m */; };
		774FBF931CE88CF700A382E2 /* JTSSimpleImageDownloader.m in Sources */ = {isa = PBXBuildFile; fileRef = 774FBF8B1CE88CF700A382E2 /* JTSSimpleImageDownloader.m */; };
		774FBF941CE88CF700A382E2 /* UIApplication+JTSImageViewController.m in Sources */ = {isa = PBXBuildFile; fileRef = 774FBF8D1CE88CF700A382E2 /* UIApplication+JTSImageViewController.m */; };
		774FBF951CE88CF700A382E2 /* UIImage+JTSImageEffects.m in Sources */ = {isa = PBXBuildFile; fileRef = 774FBF8F1CE88CF700A382E2 /* UIImage+JTSImageEffects.m */; };
		775CB2B21C98AD4A00A38280 /* MessagesListTableViewCell.swift in Sources */ = {isa = PBXBuildFile; fileRef = 775CB2B11C98AD4A00A38280 /* MessagesListTableViewCell.swift */; };
		777685B51CAAC38700BD62B9 /* ManInTheMiddleTableViewCell.swift in Sources */ = {isa = PBXBuildFile; fileRef = 777685B41CAAC38700BD62B9 /* ManInTheMiddleTableViewCell.swift */; };
		777685B71CAAC54100BD62B9 /* CipherMessage.swift in Sources */ = {isa = PBXBuildFile; fileRef = 777685B61CAAC54100BD62B9 /* CipherMessage.swift */; };
		7794BF5A1CB883D000D0CF22 /* KeysTableViewController.swift in Sources */ = {isa = PBXBuildFile; fileRef = 7794BF591CB883D000D0CF22 /* KeysTableViewController.swift */; };
		7794BF5C1CB8840A00D0CF22 /* KeyChangeViewController.swift in Sources */ = {isa = PBXBuildFile; fileRef = 7794BF5B1CB8840A00D0CF22 /* KeyChangeViewController.swift */; };
		77BAF1FC1C9B2AAE00DFA5C3 /* UserTableViewCell.swift in Sources */ = {isa = PBXBuildFile; fileRef = 77BAF1FB1C9B2AAE00DFA5C3 /* UserTableViewCell.swift */; };
		77C7AB121C95D68C00120A3D /* UIColorExtension.swift in Sources */ = {isa = PBXBuildFile; fileRef = 77C7AB111C95D68C00120A3D /* UIColorExtension.swift */; };
		77C7AB2E1C95DE1B00120A3D /* ALView+PureLayout.m in Sources */ = {isa = PBXBuildFile; fileRef = 77C7AB261C95DE1B00120A3D /* ALView+PureLayout.m */; };
		77C7AB2F1C95DE1B00120A3D /* NSArray+PureLayout.m in Sources */ = {isa = PBXBuildFile; fileRef = 77C7AB281C95DE1B00120A3D /* NSArray+PureLayout.m */; };
		77C7AB301C95DE1B00120A3D /* NSLayoutConstraint+PureLayout.m in Sources */ = {isa = PBXBuildFile; fileRef = 77C7AB2A1C95DE1B00120A3D /* NSLayoutConstraint+PureLayout.m */; };
		77CA5CC71CB80A8A003CC313 /* MidSquareRandomNumberGenerator.swift in Sources */ = {isa = PBXBuildFile; fileRef = 77CA5CC61CB80A8A003CC313 /* MidSquareRandomNumberGenerator.swift */; };
		77CA5CCA1CB8108E003CC313 /* KeyListTableViewCell.swift in Sources */ = {isa = PBXBuildFile; fileRef = 77CA5CC91CB8108E003CC313 /* KeyListTableViewCell.swift */; };
		77D0866C1C95D1F500DFD8A8 /* AppDelegate.swift in Sources */ = {isa = PBXBuildFile; fileRef = 77D0866B1C95D1F500DFD8A8 /* AppDelegate.swift */; };
		77D086761C95D1F500DFD8A8 /* Assets.xcassets in Resources */ = {isa = PBXBuildFile; fileRef = 77D086751C95D1F500DFD8A8 /* Assets.xcassets */; };
		77D086791C95D1F500DFD8A8 /* LaunchScreen.storyboard in Resources */ = {isa = PBXBuildFile; fileRef = 77D086771C95D1F500DFD8A8 /* LaunchScreen.storyboard */; };
		77D086841C95D1F500DFD8A8 /* Cryptology_ProjectTests.swift in Sources */ = {isa = PBXBuildFile; fileRef = 77D086831C95D1F500DFD8A8 /* Cryptology_ProjectTests.swift */; };
		77D086981C95D35E00DFD8A8 /* Helper.swift in Sources */ = {isa = PBXBuildFile; fileRef = 77D086971C95D35E00DFD8A8 /* Helper.swift */; };
		77DDD8201CE87DDC008E7D0A /* Realm.framework in Frameworks */ = {isa = PBXBuildFile; fileRef = 77DDD81E1CE87DDC008E7D0A /* Realm.framework */; };
		77DDD8211CE87DDC008E7D0A /* Realm.framework in Embed Frameworks */ = {isa = PBXBuildFile; fileRef = 77DDD81E1CE87DDC008E7D0A /* Realm.framework */; settings = {ATTRIBUTES = (CodeSignOnCopy, RemoveHeadersOnCopy, ); }; };
		77DDD8221CE87DDC008E7D0A /* RealmSwift.framework in Frameworks */ = {isa = PBXBuildFile; fileRef = 77DDD81F1CE87DDC008E7D0A /* RealmSwift.framework */; };
		77DDD8231CE87DDC008E7D0A /* RealmSwift.framework in Embed Frameworks */ = {isa = PBXBuildFile; fileRef = 77DDD81F1CE87DDC008E7D0A /* RealmSwift.framework */; settings = {ATTRIBUTES = (CodeSignOnCopy, RemoveHeadersOnCopy, ); }; };
		77E202CB1C97542700FAAD74 /* LoginView.swift in Sources */ = {isa = PBXBuildFile; fileRef = 77E202CA1C97542700FAAD74 /* LoginView.swift */; };
		77E202D51C977A5200FAAD74 /* MessagesTableViewCell.swift in Sources */ = {isa = PBXBuildFile; fileRef = 77E202D41C977A5200FAAD74 /* MessagesTableViewCell.swift */; };
		77E96AEB1CB7E43600A209D7 /* NavigationController.swift in Sources */ = {isa = PBXBuildFile; fileRef = 77E96AD91CB7E43600A209D7 /* NavigationController.swift */; };
		77E96AEC1CB7E43600A209D7 /* TabBarController.swift in Sources */ = {isa = PBXBuildFile; fileRef = 77E96ADB1CB7E43600A209D7 /* TabBarController.swift */; };
		77E96AED1CB7E43600A209D7 /* LoginViewController.swift in Sources */ = {isa = PBXBuildFile; fileRef = 77E96ADD1CB7E43600A209D7 /* LoginViewController.swift */; };
		77E96AEE1CB7E43600A209D7 /* MessagesViewController.swift in Sources */ = {isa = PBXBuildFile; fileRef = 77E96AE01CB7E43600A209D7 /* MessagesViewController.swift */; };
		77E96AEF1CB7E43600A209D7 /* MessagesListViewController.swift in Sources */ = {isa = PBXBuildFile; fileRef = 77E96AE21CB7E43600A209D7 /* MessagesListViewController.swift */; };
		77E96AF01CB7E43600A209D7 /* StartMessageViewController.swift in Sources */ = {isa = PBXBuildFile; fileRef = 77E96AE41CB7E43600A209D7 /* StartMessageViewController.swift */; };
		77E96AF11CB7E43600A209D7 /* ManInTheMiddleTableViewController.swift in Sources */ = {isa = PBXBuildFile; fileRef = 77E96AE71CB7E43600A209D7 /* ManInTheMiddleTableViewController.swift */; };
		77E96AF21CB7E43600A209D7 /* UserViewController.swift in Sources */ = {isa = PBXBuildFile; fileRef = 77E96AEA1CB7E43600A209D7 /* UserViewController.swift */; };
		77E96AF51CB7E46800A209D7 /* PasswordEditViewController.swift in Sources */ = {isa = PBXBuildFile; fileRef = 77E96AF41CB7E46800A209D7 /* PasswordEditViewController.swift */; };
		77E96AFC1CB7FF8600A209D7 /* CaptchaGenerator.swift in Sources */ = {isa = PBXBuildFile; fileRef = 77E96AFB1CB7FF8600A209D7 /* CaptchaGenerator.swift */; };
		77F1FEC41C98EA9C00E9913A /* StringExtension.swift in Sources */ = {isa = PBXBuildFile; fileRef = 77F1FEC31C98EA9C00E9913A /* StringExtension.swift */; };
/* End PBXBuildFile section */

/* Begin PBXContainerItemProxy section */
		77D086801C95D1F500DFD8A8 /* PBXContainerItemProxy */ = {
			isa = PBXContainerItemProxy;
			containerPortal = 77D086601C95D1F500DFD8A8 /* Project object */;
			proxyType = 1;
			remoteGlobalIDString = 77D086671C95D1F500DFD8A8;
			remoteInfo = "Cryptology Project";
		};
/* End PBXContainerItemProxy section */

/* Begin PBXCopyFilesBuildPhase section */
		77DDD81C1CE87B0A008E7D0A /* Embed Frameworks */ = {
			isa = PBXCopyFilesBuildPhase;
			buildActionMask = 2147483647;
			dstPath = "";
			dstSubfolderSpec = 10;
			files = (
				77DDD8231CE87DDC008E7D0A /* RealmSwift.framework in Embed Frameworks */,
				77DDD8211CE87DDC008E7D0A /* Realm.framework in Embed Frameworks */,
			);
			name = "Embed Frameworks";
			runOnlyForDeploymentPostprocessing = 0;
		};
/* End PBXCopyFilesBuildPhase section */

/* Begin PBXFileReference section */
		770156391C9E1240001A4B1E /* Message.swift */ = {isa = PBXFileReference; fileEncoding = 4; lastKnownFileType = sourcecode.swift; path = Message.swift; sourceTree = "<group>"; };
		772C71F51CA936F60013B735 /* FBEncryptorAES.h */ = {isa = PBXFileReference; fileEncoding = 4; lastKnownFileType = sourcecode.c.h; path = FBEncryptorAES.h; sourceTree = "<group>"; };
		772C71F61CA936F60013B735 /* FBEncryptorAES.m */ = {isa = PBXFileReference; fileEncoding = 4; lastKnownFileType = sourcecode.c.objc; path = FBEncryptorAES.m; sourceTree = "<group>"; };
		772C71F71CA936F60013B735 /* NSData+Base64.h */ = {isa = PBXFileReference; fileEncoding = 4; lastKnownFileType = sourcecode.c.h; path = "NSData+Base64.h"; sourceTree = "<group>"; };
		772C71F81CA936F60013B735 /* NSData+Base64.m */ = {isa = PBXFileReference; fileEncoding = 4; lastKnownFileType = sourcecode.c.objc; path = "NSData+Base64.m"; sourceTree = "<group>"; };
		772C72161CA946830013B735 /* RealmKey.swift */ = {isa = PBXFileReference; fileEncoding = 4; lastKnownFileType = sourcecode.swift; path = RealmKey.swift; sourceTree = "<group>"; };
		772C83011C9A40ED00A9541C /* RealmUser.swift */ = {isa = PBXFileReference; fileEncoding = 4; lastKnownFileType = sourcecode.swift; path = RealmUser.swift; sourceTree = "<group>"; };
		772C83031C9A410400A9541C /* RealmMessage.swift */ = {isa = PBXFileReference; fileEncoding = 4; lastKnownFileType = sourcecode.swift; path = RealmMessage.swift; sourceTree = "<group>"; };
		772C83051C9A410C00A9541C /* RealmChat.swift */ = {isa = PBXFileReference; fileEncoding = 4; lastKnownFileType = sourcecode.swift; path = RealmChat.swift; sourceTree = "<group>"; };
		772C83071C9A4AF400A9541C /* ActiveUser.swift */ = {isa = PBXFileReference; fileEncoding = 4; lastKnownFileType = sourcecode.swift; path = ActiveUser.swift; sourceTree = "<group>"; };
		772C83091C9A619B00A9541C /* MessageList.swift */ = {isa = PBXFileReference; fileEncoding = 4; lastKnownFileType = sourcecode.swift; path = MessageList.swift; sourceTree = "<group>"; };
		774FBF841CE88CF700A382E2 /* JTSAnimatedGIFUtility.h */ = {isa = PBXFileReference; fileEncoding = 4; lastKnownFileType = sourcecode.c.h; path = JTSAnimatedGIFUtility.h; sourceTree = "<group>"; };
		774FBF851CE88CF700A382E2 /* JTSAnimatedGIFUtility.m */ = {isa = PBXFileReference; fileEncoding = 4; lastKnownFileType = sourcecode.c.objc; path = JTSAnimatedGIFUtility.m; sourceTree = "<group>"; };
		774FBF861CE88CF700A382E2 /* JTSImageInfo.h */ = {isa = PBXFileReference; fileEncoding = 4; lastKnownFileType = sourcecode.c.h; path = JTSImageInfo.h; sourceTree = "<group>"; };
		774FBF871CE88CF700A382E2 /* JTSImageInfo.m */ = {isa = PBXFileReference; fileEncoding = 4; lastKnownFileType = sourcecode.c.objc; path = JTSImageInfo.m; sourceTree = "<group>"; };
		774FBF881CE88CF700A382E2 /* JTSImageViewController.h */ = {isa = PBXFileReference; fileEncoding = 4; lastKnownFileType = sourcecode.c.h; path = JTSImageViewController.h; sourceTree = "<group>"; };
		774FBF891CE88CF700A382E2 /* JTSImageViewController.m */ = {isa = PBXFileReference; fileEncoding = 4; lastKnownFileType = sourcecode.c.objc; path = JTSImageViewController.m; sourceTree = "<group>"; };
		774FBF8A1CE88CF700A382E2 /* JTSSimpleImageDownloader.h */ = {isa = PBXFileReference; fileEncoding = 4; lastKnownFileType = sourcecode.c.h; path = JTSSimpleImageDownloader.h; sourceTree = "<group>"; };
		774FBF8B1CE88CF700A382E2 /* JTSSimpleImageDownloader.m */ = {isa = PBXFileReference; fileEncoding = 4; lastKnownFileType = sourcecode.c.objc; path = JTSSimpleImageDownloader.m; sourceTree = "<group>"; };
		774FBF8C1CE88CF700A382E2 /* UIApplication+JTSImageViewController.h */ = {isa = PBXFileReference; fileEncoding = 4; lastKnownFileType = sourcecode.c.h; path = "UIApplication+JTSImageViewController.h"; sourceTree = "<group>"; };
		774FBF8D1CE88CF700A382E2 /* UIApplication+JTSImageViewController.m */ = {isa = PBXFileReference; fileEncoding = 4; lastKnownFileType = sourcecode.c.objc; path = "UIApplication+JTSImageViewController.m"; sourceTree = "<group>"; };
		774FBF8E1CE88CF700A382E2 /* UIImage+JTSImageEffects.h */ = {isa = PBXFileReference; fileEncoding = 4; lastKnownFileType = sourcecode.c.h; path = "UIImage+JTSImageEffects.h"; sourceTree = "<group>"; };
		774FBF8F1CE88CF700A382E2 /* UIImage+JTSImageEffects.m */ = {isa = PBXFileReference; fileEncoding = 4; lastKnownFileType = sourcecode.c.objc; path = "UIImage+JTSImageEffects.m"; sourceTree = "<group>"; };
		775CB2B11C98AD4A00A38280 /* MessagesListTableViewCell.swift */ = {isa = PBXFileReference; fileEncoding = 4; lastKnownFileType = sourcecode.swift; path = MessagesListTableViewCell.swift; sourceTree = "<group>"; };
		777685B41CAAC38700BD62B9 /* ManInTheMiddleTableViewCell.swift */ = {isa = PBXFileReference; fileEncoding = 4; lastKnownFileType = sourcecode.swift; name = ManInTheMiddleTableViewCell.swift; path = "ManInTheMiddle Cell/ManInTheMiddleTableViewCell.swift"; sourceTree = "<group>"; };
		777685B61CAAC54100BD62B9 /* CipherMessage.swift */ = {isa = PBXFileReference; fileEncoding = 4; lastKnownFileType = sourcecode.swift; path = CipherMessage.swift; sourceTree = "<group>"; };
		7794BF591CB883D000D0CF22 /* KeysTableViewController.swift */ = {isa = PBXFileReference; fileEncoding = 4; lastKnownFileType = sourcecode.swift; name = KeysTableViewController.swift; path = KeyController/KeysTableViewController.swift; sourceTree = "<group>"; };
		7794BF5B1CB8840A00D0CF22 /* KeyChangeViewController.swift */ = {isa = PBXFileReference; fileEncoding = 4; lastKnownFileType = sourcecode.swift; name = KeyChangeViewController.swift; path = KeyController/KeyChangeController/KeyChangeViewController.swift; sourceTree = "<group>"; };
		77BAF1FB1C9B2AAE00DFA5C3 /* UserTableViewCell.swift */ = {isa = PBXFileReference; fileEncoding = 4; lastKnownFileType = sourcecode.swift; path = UserTableViewCell.swift; sourceTree = "<group>"; };
		77C7AB111C95D68C00120A3D /* UIColorExtension.swift */ = {isa = PBXFileReference; fileEncoding = 4; lastKnownFileType = sourcecode.swift; path = UIColorExtension.swift; sourceTree = "<group>"; };
		77C7AB241C95DE1A00120A3D /* Cryptology Project-Bridging-Header.h */ = {isa = PBXFileReference; lastKnownFileType = sourcecode.c.h; path = "Cryptology Project-Bridging-Header.h"; sourceTree = "<group>"; };
		77C7AB251C95DE1B00120A3D /* ALView+PureLayout.h */ = {isa = PBXFileReference; fileEncoding = 4; lastKnownFileType = sourcecode.c.h; path = "ALView+PureLayout.h"; sourceTree = "<group>"; };
		77C7AB261C95DE1B00120A3D /* ALView+PureLayout.m */ = {isa = PBXFileReference; fileEncoding = 4; lastKnownFileType = sourcecode.c.objc; path = "ALView+PureLayout.m"; sourceTree = "<group>"; };
		77C7AB271C95DE1B00120A3D /* NSArray+PureLayout.h */ = {isa = PBXFileReference; fileEncoding = 4; lastKnownFileType = sourcecode.c.h; path = "NSArray+PureLayout.h"; sourceTree = "<group>"; };
		77C7AB281C95DE1B00120A3D /* NSArray+PureLayout.m */ = {isa = PBXFileReference; fileEncoding = 4; lastKnownFileType = sourcecode.c.objc; path = "NSArray+PureLayout.m"; sourceTree = "<group>"; };
		77C7AB291C95DE1B00120A3D /* NSLayoutConstraint+PureLayout.h */ = {isa = PBXFileReference; fileEncoding = 4; lastKnownFileType = sourcecode.c.h; path = "NSLayoutConstraint+PureLayout.h"; sourceTree = "<group>"; };
		77C7AB2A1C95DE1B00120A3D /* NSLayoutConstraint+PureLayout.m */ = {isa = PBXFileReference; fileEncoding = 4; lastKnownFileType = sourcecode.c.objc; path = "NSLayoutConstraint+PureLayout.m"; sourceTree = "<group>"; };
		77C7AB2B1C95DE1B00120A3D /* PureLayout.h */ = {isa = PBXFileReference; fileEncoding = 4; lastKnownFileType = sourcecode.c.h; path = PureLayout.h; sourceTree = "<group>"; };
		77C7AB2C1C95DE1B00120A3D /* PureLayout+Internal.h */ = {isa = PBXFileReference; fileEncoding = 4; lastKnownFileType = sourcecode.c.h; path = "PureLayout+Internal.h"; sourceTree = "<group>"; };
		77C7AB2D1C95DE1B00120A3D /* PureLayoutDefines.h */ = {isa = PBXFileReference; fileEncoding = 4; lastKnownFileType = sourcecode.c.h; path = PureLayoutDefines.h; sourceTree = "<group>"; };
		77CA5CC61CB80A8A003CC313 /* MidSquareRandomNumberGenerator.swift */ = {isa = PBXFileReference; fileEncoding = 4; lastKnownFileType = sourcecode.swift; path = MidSquareRandomNumberGenerator.swift; sourceTree = "<group>"; };
		77CA5CC91CB8108E003CC313 /* KeyListTableViewCell.swift */ = {isa = PBXFileReference; fileEncoding = 4; lastKnownFileType = sourcecode.swift; name = KeyListTableViewCell.swift; path = "KeyList Cell/KeyListTableViewCell.swift"; sourceTree = "<group>"; };
		77D086681C95D1F500DFD8A8 /* Cryptology Project.app */ = {isa = PBXFileReference; explicitFileType = wrapper.application; includeInIndex = 0; path = "Cryptology Project.app"; sourceTree = BUILT_PRODUCTS_DIR; };
		77D0866B1C95D1F500DFD8A8 /* AppDelegate.swift */ = {isa = PBXFileReference; lastKnownFileType = sourcecode.swift; path = AppDelegate.swift; sourceTree = "<group>"; };
		77D086751C95D1F500DFD8A8 /* Assets.xcassets */ = {isa = PBXFileReference; lastKnownFileType = folder.assetcatalog; path = Assets.xcassets; sourceTree = "<group>"; };
		77D086781C95D1F500DFD8A8 /* Base */ = {isa = PBXFileReference; lastKnownFileType = file.storyboard; name = Base; path = Base.lproj/LaunchScreen.storyboard; sourceTree = "<group>"; };
		77D0867A1C95D1F500DFD8A8 /* Info.plist */ = {isa = PBXFileReference; lastKnownFileType = text.plist.xml; path = Info.plist; sourceTree = "<group>"; };
		77D0867F1C95D1F500DFD8A8 /* Cryptology ProjectTests.xctest */ = {isa = PBXFileReference; explicitFileType = wrapper.cfbundle; includeInIndex = 0; path = "Cryptology ProjectTests.xctest"; sourceTree = BUILT_PRODUCTS_DIR; };
		77D086831C95D1F500DFD8A8 /* Cryptology_ProjectTests.swift */ = {isa = PBXFileReference; lastKnownFileType = sourcecode.swift; path = Cryptology_ProjectTests.swift; sourceTree = "<group>"; };
		77D086851C95D1F500DFD8A8 /* Info.plist */ = {isa = PBXFileReference; lastKnownFileType = text.plist.xml; path = Info.plist; sourceTree = "<group>"; };
		77D086971C95D35E00DFD8A8 /* Helper.swift */ = {isa = PBXFileReference; fileEncoding = 4; lastKnownFileType = sourcecode.swift; path = Helper.swift; sourceTree = "<group>"; };
		77DDD81E1CE87DDC008E7D0A /* Realm.framework */ = {isa = PBXFileReference; lastKnownFileType = wrapper.framework; path = Realm.framework; sourceTree = "<group>"; };
		77DDD81F1CE87DDC008E7D0A /* RealmSwift.framework */ = {isa = PBXFileReference; lastKnownFileType = wrapper.framework; path = RealmSwift.framework; sourceTree = "<group>"; };
		77E202CA1C97542700FAAD74 /* LoginView.swift */ = {isa = PBXFileReference; fileEncoding = 4; lastKnownFileType = sourcecode.swift; path = LoginView.swift; sourceTree = "<group>"; };
		77E202D41C977A5200FAAD74 /* MessagesTableViewCell.swift */ = {isa = PBXFileReference; fileEncoding = 4; lastKnownFileType = sourcecode.swift; path = MessagesTableViewCell.swift; sourceTree = "<group>"; };
		77E96AD91CB7E43600A209D7 /* NavigationController.swift */ = {isa = PBXFileReference; fileEncoding = 4; lastKnownFileType = sourcecode.swift; path = NavigationController.swift; sourceTree = "<group>"; };
		77E96ADB1CB7E43600A209D7 /* TabBarController.swift */ = {isa = PBXFileReference; fileEncoding = 4; lastKnownFileType = sourcecode.swift; path = TabBarController.swift; sourceTree = "<group>"; };
		77E96ADD1CB7E43600A209D7 /* LoginViewController.swift */ = {isa = PBXFileReference; fileEncoding = 4; lastKnownFileType = sourcecode.swift; path = LoginViewController.swift; sourceTree = "<group>"; };
		77E96AE01CB7E43600A209D7 /* MessagesViewController.swift */ = {isa = PBXFileReference; fileEncoding = 4; lastKnownFileType = sourcecode.swift; path = MessagesViewController.swift; sourceTree = "<group>"; };
		77E96AE21CB7E43600A209D7 /* MessagesListViewController.swift */ = {isa = PBXFileReference; fileEncoding = 4; lastKnownFileType = sourcecode.swift; path = MessagesListViewController.swift; sourceTree = "<group>"; };
		77E96AE41CB7E43600A209D7 /* StartMessageViewController.swift */ = {isa = PBXFileReference; fileEncoding = 4; lastKnownFileType = sourcecode.swift; path = StartMessageViewController.swift; sourceTree = "<group>"; };
		77E96AE71CB7E43600A209D7 /* ManInTheMiddleTableViewController.swift */ = {isa = PBXFileReference; fileEncoding = 4; lastKnownFileType = sourcecode.swift; path = ManInTheMiddleTableViewController.swift; sourceTree = "<group>"; };
		77E96AEA1CB7E43600A209D7 /* UserViewController.swift */ = {isa = PBXFileReference; fileEncoding = 4; lastKnownFileType = sourcecode.swift; path = UserViewController.swift; sourceTree = "<group>"; };
		77E96AF41CB7E46800A209D7 /* PasswordEditViewController.swift */ = {isa = PBXFileReference; fileEncoding = 4; lastKnownFileType = sourcecode.swift; name = PasswordEditViewController.swift; path = PasswordEditController/PasswordEditViewController.swift; sourceTree = "<group>"; };
		77E96AFB1CB7FF8600A209D7 /* CaptchaGenerator.swift */ = {isa = PBXFileReference; fileEncoding = 4; lastKnownFileType = sourcecode.swift; path = CaptchaGenerator.swift; sourceTree = "<group>"; };
		77F1FEC31C98EA9C00E9913A /* StringExtension.swift */ = {isa = PBXFileReference; fileEncoding = 4; lastKnownFileType = sourcecode.swift; path = StringExtension.swift; sourceTree = "<group>"; };
/* End PBXFileReference section */

/* Begin PBXFrameworksBuildPhase section */
		77D086651C95D1F500DFD8A8 /* Frameworks */ = {
			isa = PBXFrameworksBuildPhase;
			buildActionMask = 2147483647;
			files = (
				77DDD8221CE87DDC008E7D0A /* RealmSwift.framework in Frameworks */,
				77DDD8201CE87DDC008E7D0A /* Realm.framework in Frameworks */,
			);
			runOnlyForDeploymentPostprocessing = 0;
		};
		77D0867C1C95D1F500DFD8A8 /* Frameworks */ = {
			isa = PBXFrameworksBuildPhase;
			buildActionMask = 2147483647;
			files = (
			);
			runOnlyForDeploymentPostprocessing = 0;
		};
/* End PBXFrameworksBuildPhase section */

/* Begin PBXGroup section */
		771B0ACB1C9B410D004BD825 /* Frameworks */ = {
			isa = PBXGroup;
			children = (
				77DDD81E1CE87DDC008E7D0A /* Realm.framework */,
				77DDD81F1CE87DDC008E7D0A /* RealmSwift.framework */,
			);
			name = Frameworks;
			sourceTree = "<group>";
		};
		772C71F41CA936F60013B735 /* FBEncryptor */ = {
			isa = PBXGroup;
			children = (
				772C71F51CA936F60013B735 /* FBEncryptorAES.h */,
				772C71F61CA936F60013B735 /* FBEncryptorAES.m */,
				772C71F71CA936F60013B735 /* NSData+Base64.h */,
				772C71F81CA936F60013B735 /* NSData+Base64.m */,
			);
			path = FBEncryptor;
			sourceTree = "<group>";
		};
		774FBF831CE88CF700A382E2 /* JTSImageViewController */ = {
			isa = PBXGroup;
			children = (
				774FBF841CE88CF700A382E2 /* JTSAnimatedGIFUtility.h */,
				774FBF851CE88CF700A382E2 /* JTSAnimatedGIFUtility.m */,
				774FBF861CE88CF700A382E2 /* JTSImageInfo.h */,
				774FBF871CE88CF700A382E2 /* JTSImageInfo.m */,
				774FBF881CE88CF700A382E2 /* JTSImageViewController.h */,
				774FBF891CE88CF700A382E2 /* JTSImageViewController.m */,
				774FBF8A1CE88CF700A382E2 /* JTSSimpleImageDownloader.h */,
				774FBF8B1CE88CF700A382E2 /* JTSSimpleImageDownloader.m */,
				774FBF8C1CE88CF700A382E2 /* UIApplication+JTSImageViewController.h */,
				774FBF8D1CE88CF700A382E2 /* UIApplication+JTSImageViewController.m */,
				774FBF8E1CE88CF700A382E2 /* UIImage+JTSImageEffects.h */,
				774FBF8F1CE88CF700A382E2 /* UIImage+JTSImageEffects.m */,
			);
			path = JTSImageViewController;
			sourceTree = "<group>";
		};
		775CB2B01C98AD2E00A38280 /* Messages List Cell */ = {
			isa = PBXGroup;
			children = (
				775CB2B11C98AD4A00A38280 /* MessagesListTableViewCell.swift */,
			);
			path = "Messages List Cell";
			sourceTree = "<group>";
		};
		777685B31CAAC13100BD62B9 /* ManInTheMiddle Cell */ = {
			isa = PBXGroup;
			children = (
				777685B41CAAC38700BD62B9 /* ManInTheMiddleTableViewCell.swift */,
			);
			name = "ManInTheMiddle Cell";
			sourceTree = "<group>";
		};
		77BAF1FA1C9B2A6E00DFA5C3 /* User Cell */ = {
			isa = PBXGroup;
			children = (
				77BAF1FB1C9B2AAE00DFA5C3 /* UserTableViewCell.swift */,
			);
			path = "User Cell";
			sourceTree = "<group>";
		};
		77BAF1FD1C9B2BFE00DFA5C3 /* Realm */ = {
			isa = PBXGroup;
			children = (
				772C83051C9A410C00A9541C /* RealmChat.swift */,
				772C83031C9A410400A9541C /* RealmMessage.swift */,
				772C83011C9A40ED00A9541C /* RealmUser.swift */,
				772C72161CA946830013B735 /* RealmKey.swift */,
			);
			path = Realm;
			sourceTree = "<group>";
		};
		77C5AC711CB882F80054947D /* KeyChangeController */ = {
			isa = PBXGroup;
			children = (
				7794BF5B1CB8840A00D0CF22 /* KeyChangeViewController.swift */,
			);
			name = KeyChangeController;
			sourceTree = "<group>";
		};
		77C7AB0E1C95D54A00120A3D /* Extensions */ = {
			isa = PBXGroup;
			children = (
				77F1FEC31C98EA9C00E9913A /* StringExtension.swift */,
				77C7AB111C95D68C00120A3D /* UIColorExtension.swift */,
			);
			path = Extensions;
			sourceTree = "<group>";
		};
		77C7AB151C95DBAE00120A3D /* PureLayout */ = {
			isa = PBXGroup;
			children = (
				77C7AB251C95DE1B00120A3D /* ALView+PureLayout.h */,
				77C7AB261C95DE1B00120A3D /* ALView+PureLayout.m */,
				77C7AB271C95DE1B00120A3D /* NSArray+PureLayout.h */,
				77C7AB281C95DE1B00120A3D /* NSArray+PureLayout.m */,
				77C7AB291C95DE1B00120A3D /* NSLayoutConstraint+PureLayout.h */,
				77C7AB2A1C95DE1B00120A3D /* NSLayoutConstraint+PureLayout.m */,
				77C7AB2C1C95DE1B00120A3D /* PureLayout+Internal.h */,
				77C7AB2B1C95DE1B00120A3D /* PureLayout.h */,
				77C7AB2D1C95DE1B00120A3D /* PureLayoutDefines.h */,
			);
			path = PureLayout;
			sourceTree = "<group>";
		};
		77CA5CC81CB81070003CC313 /* KeyList Cell */ = {
			isa = PBXGroup;
			children = (
				77CA5CC91CB8108E003CC313 /* KeyListTableViewCell.swift */,
			);
			name = "KeyList Cell";
			sourceTree = "<group>";
		};
		77D0865F1C95D1F500DFD8A8 = {
			isa = PBXGroup;
			children = (
				77D0868F1C95D2EB00DFD8A8 /* Dependencies */,
				77D0866A1C95D1F500DFD8A8 /* Cryptology Project */,
				77D086821C95D1F500DFD8A8 /* Cryptology ProjectTests */,
				771B0ACB1C9B410D004BD825 /* Frameworks */,
				77D086691C95D1F500DFD8A8 /* Products */,
			);
			sourceTree = "<group>";
		};
		77D086691C95D1F500DFD8A8 /* Products */ = {
			isa = PBXGroup;
			children = (
				77D086681C95D1F500DFD8A8 /* Cryptology Project.app */,
				77D0867F1C95D1F500DFD8A8 /* Cryptology ProjectTests.xctest */,
			);
			name = Products;
			sourceTree = "<group>";
		};
		77D0866A1C95D1F500DFD8A8 /* Cryptology Project */ = {
			isa = PBXGroup;
			children = (
				77D0868E1C95D2E000DFD8A8 /* Classes */,
				77D086901C95D2F900DFD8A8 /* Supporting Files */,
			);
			path = "Cryptology Project";
			sourceTree = "<group>";
		};
		77D086821C95D1F500DFD8A8 /* Cryptology ProjectTests */ = {
			isa = PBXGroup;
			children = (
				77D086831C95D1F500DFD8A8 /* Cryptology_ProjectTests.swift */,
				77D086851C95D1F500DFD8A8 /* Info.plist */,
			);
			path = "Cryptology ProjectTests";
			sourceTree = "<group>";
		};
		77D0868E1C95D2E000DFD8A8 /* Classes */ = {
			isa = PBXGroup;
			children = (
				77C7AB0E1C95D54A00120A3D /* Extensions */,
				77D086941C95D31700DFD8A8 /* Helpers */,
				77D086931C95D31200DFD8A8 /* Models */,
				77D086911C95D30800DFD8A8 /* Views */,
				77D086921C95D30D00DFD8A8 /* Controllers */,
			);
			path = Classes;
			sourceTree = "<group>";
		};
		77D0868F1C95D2EB00DFD8A8 /* Dependencies */ = {
			isa = PBXGroup;
			children = (
				774FBF831CE88CF700A382E2 /* JTSImageViewController */,
				772C71F41CA936F60013B735 /* FBEncryptor */,
				77C7AB151C95DBAE00120A3D /* PureLayout */,
			);
			path = Dependencies;
			sourceTree = "<group>";
		};
		77D086901C95D2F900DFD8A8 /* Supporting Files */ = {
			isa = PBXGroup;
			children = (
				77D0866B1C95D1F500DFD8A8 /* AppDelegate.swift */,
				77D086751C95D1F500DFD8A8 /* Assets.xcassets */,
				77C7AB241C95DE1A00120A3D /* Cryptology Project-Bridging-Header.h */,
				77D0867A1C95D1F500DFD8A8 /* Info.plist */,
				77D086771C95D1F500DFD8A8 /* LaunchScreen.storyboard */,
			);
			path = "Supporting Files";
			sourceTree = "<group>";
		};
		77D086911C95D30800DFD8A8 /* Views */ = {
			isa = PBXGroup;
			children = (
				77CA5CC81CB81070003CC313 /* KeyList Cell */,
				777685B31CAAC13100BD62B9 /* ManInTheMiddle Cell */,
				77E202C91C97541700FAAD74 /* LoginView */,
				77E202D01C9779E100FAAD74 /* Messages Cell */,
				775CB2B01C98AD2E00A38280 /* Messages List Cell */,
				77BAF1FA1C9B2A6E00DFA5C3 /* User Cell */,
			);
			path = Views;
			sourceTree = "<group>";
		};
		77D086921C95D30D00DFD8A8 /* Controllers */ = {
			isa = PBXGroup;
			children = (
				77E96AD71CB7E43600A209D7 /* BaseController */,
				77E96ADC1CB7E43600A209D7 /* LoginController */,
				77E96ADE1CB7E43600A209D7 /* Message */,
				77E96AE51CB7E43600A209D7 /* MiddleMan */,
				77E96AE81CB7E43600A209D7 /* User */,
			);
			path = Controllers;
			sourceTree = "<group>";
		};
		77D086931C95D31200DFD8A8 /* Models */ = {
			isa = PBXGroup;
			children = (
				77BAF1FD1C9B2BFE00DFA5C3 /* Realm */,
				772C83071C9A4AF400A9541C /* ActiveUser.swift */,
				772C83091C9A619B00A9541C /* MessageList.swift */,
				770156391C9E1240001A4B1E /* Message.swift */,
				777685B61CAAC54100BD62B9 /* CipherMessage.swift */,
			);
			path = Models;
			sourceTree = "<group>";
		};
		77D086941C95D31700DFD8A8 /* Helpers */ = {
			isa = PBXGroup;
			children = (
				77D086971C95D35E00DFD8A8 /* Helper.swift */,
				77E96AFB1CB7FF8600A209D7 /* CaptchaGenerator.swift */,
				77CA5CC61CB80A8A003CC313 /* MidSquareRandomNumberGenerator.swift */,
			);
			path = Helpers;
			sourceTree = "<group>";
		};
		77E202C91C97541700FAAD74 /* LoginView */ = {
			isa = PBXGroup;
			children = (
				77E202CA1C97542700FAAD74 /* LoginView.swift */,
			);
			path = LoginView;
			sourceTree = "<group>";
		};
		77E202D01C9779E100FAAD74 /* Messages Cell */ = {
			isa = PBXGroup;
			children = (
				77E202D41C977A5200FAAD74 /* MessagesTableViewCell.swift */,
			);
			path = "Messages Cell";
			sourceTree = "<group>";
		};
		77E96AD71CB7E43600A209D7 /* BaseController */ = {
			isa = PBXGroup;
			children = (
				77E96AD81CB7E43600A209D7 /* NavigationController */,
				77E96ADA1CB7E43600A209D7 /* TabBarController */,
			);
			path = BaseController;
			sourceTree = "<group>";
		};
		77E96AD81CB7E43600A209D7 /* NavigationController */ = {
			isa = PBXGroup;
			children = (
				77E96AD91CB7E43600A209D7 /* NavigationController.swift */,
			);
			path = NavigationController;
			sourceTree = "<group>";
		};
		77E96ADA1CB7E43600A209D7 /* TabBarController */ = {
			isa = PBXGroup;
			children = (
				77E96ADB1CB7E43600A209D7 /* TabBarController.swift */,
			);
			path = TabBarController;
			sourceTree = "<group>";
		};
		77E96ADC1CB7E43600A209D7 /* LoginController */ = {
			isa = PBXGroup;
			children = (
				77E96ADD1CB7E43600A209D7 /* LoginViewController.swift */,
			);
			path = LoginController;
			sourceTree = "<group>";
		};
		77E96ADE1CB7E43600A209D7 /* Message */ = {
			isa = PBXGroup;
			children = (
				77E96ADF1CB7E43600A209D7 /* MessagesController */,
				77E96AE11CB7E43600A209D7 /* MessagesListController */,
				77E96AE31CB7E43600A209D7 /* StartMessageController */,
			);
			path = Message;
			sourceTree = "<group>";
		};
		77E96ADF1CB7E43600A209D7 /* MessagesController */ = {
			isa = PBXGroup;
			children = (
				77E96AE01CB7E43600A209D7 /* MessagesViewController.swift */,
			);
			path = MessagesController;
			sourceTree = "<group>";
		};
		77E96AE11CB7E43600A209D7 /* MessagesListController */ = {
			isa = PBXGroup;
			children = (
				77E96AE21CB7E43600A209D7 /* MessagesListViewController.swift */,
			);
			path = MessagesListController;
			sourceTree = "<group>";
		};
		77E96AE31CB7E43600A209D7 /* StartMessageController */ = {
			isa = PBXGroup;
			children = (
				77E96AE41CB7E43600A209D7 /* StartMessageViewController.swift */,
			);
			path = StartMessageController;
			sourceTree = "<group>";
		};
		77E96AE51CB7E43600A209D7 /* MiddleMan */ = {
			isa = PBXGroup;
			children = (
				77E96AE61CB7E43600A209D7 /* ManInTheMiddleTableViewController */,
			);
			path = MiddleMan;
			sourceTree = "<group>";
		};
		77E96AE61CB7E43600A209D7 /* ManInTheMiddleTableViewController */ = {
			isa = PBXGroup;
			children = (
				77E96AE71CB7E43600A209D7 /* ManInTheMiddleTableViewController.swift */,
			);
			path = ManInTheMiddleTableViewController;
			sourceTree = "<group>";
		};
		77E96AE81CB7E43600A209D7 /* User */ = {
			isa = PBXGroup;
			children = (
				77E96AF61CB7F56400A209D7 /* KeyController */,
				77E96AF31CB7E44200A209D7 /* PasswordEditController */,
				77E96AE91CB7E43600A209D7 /* UserViewController */,
			);
			path = User;
			sourceTree = "<group>";
		};
		77E96AE91CB7E43600A209D7 /* UserViewController */ = {
			isa = PBXGroup;
			children = (
				77E96AEA1CB7E43600A209D7 /* UserViewController.swift */,
			);
			path = UserViewController;
			sourceTree = "<group>";
		};
		77E96AF31CB7E44200A209D7 /* PasswordEditController */ = {
			isa = PBXGroup;
			children = (
				77E96AF41CB7E46800A209D7 /* PasswordEditViewController.swift */,
			);
			name = PasswordEditController;
			sourceTree = "<group>";
		};
		77E96AF61CB7F56400A209D7 /* KeyController */ = {
			isa = PBXGroup;
			children = (
				77C5AC711CB882F80054947D /* KeyChangeController */,
				7794BF591CB883D000D0CF22 /* KeysTableViewController.swift */,
			);
			name = KeyController;
			sourceTree = "<group>";
		};
/* End PBXGroup section */

/* Begin PBXNativeTarget section */
		77D086671C95D1F500DFD8A8 /* Cryptology Project */ = {
			isa = PBXNativeTarget;
			buildConfigurationList = 77D086881C95D1F500DFD8A8 /* Build configuration list for PBXNativeTarget "Cryptology Project" */;
			buildPhases = (
				77D086641C95D1F500DFD8A8 /* Sources */,
				77D086651C95D1F500DFD8A8 /* Frameworks */,
				77D086661C95D1F500DFD8A8 /* Resources */,
				77DDD81C1CE87B0A008E7D0A /* Embed Frameworks */,
				77DDD81D1CE87BA1008E7D0A /* ShellScript */,
			);
			buildRules = (
			);
			dependencies = (
			);
			name = "Cryptology Project";
			productName = "Cryptology Project";
			productReference = 77D086681C95D1F500DFD8A8 /* Cryptology Project.app */;
			productType = "com.apple.product-type.application";
		};
		77D0867E1C95D1F500DFD8A8 /* Cryptology ProjectTests */ = {
			isa = PBXNativeTarget;
			buildConfigurationList = 77D0868B1C95D1F500DFD8A8 /* Build configuration list for PBXNativeTarget "Cryptology ProjectTests" */;
			buildPhases = (
				77D0867B1C95D1F500DFD8A8 /* Sources */,
				77D0867C1C95D1F500DFD8A8 /* Frameworks */,
				77D0867D1C95D1F500DFD8A8 /* Resources */,
			);
			buildRules = (
			);
			dependencies = (
				77D086811C95D1F500DFD8A8 /* PBXTargetDependency */,
			);
			name = "Cryptology ProjectTests";
			productName = "Cryptology ProjectTests";
			productReference = 77D0867F1C95D1F500DFD8A8 /* Cryptology ProjectTests.xctest */;
			productType = "com.apple.product-type.bundle.unit-test";
		};
/* End PBXNativeTarget section */

/* Begin PBXProject section */
		77D086601C95D1F500DFD8A8 /* Project object */ = {
			isa = PBXProject;
			attributes = {
				LastSwiftUpdateCheck = 0720;
				LastUpgradeCheck = 0730;
				ORGANIZATIONNAME = "Bilal Arslan";
				TargetAttributes = {
					77D086671C95D1F500DFD8A8 = {
						CreatedOnToolsVersion = 7.2.1;
					};
					77D0867E1C95D1F500DFD8A8 = {
						CreatedOnToolsVersion = 7.2.1;
						TestTargetID = 77D086671C95D1F500DFD8A8;
					};
				};
			};
			buildConfigurationList = 77D086631C95D1F500DFD8A8 /* Build configuration list for PBXProject "Cryptology Project" */;
			compatibilityVersion = "Xcode 3.2";
			developmentRegion = English;
			hasScannedForEncodings = 0;
			knownRegions = (
				en,
				Base,
			);
			mainGroup = 77D0865F1C95D1F500DFD8A8;
			productRefGroup = 77D086691C95D1F500DFD8A8 /* Products */;
			projectDirPath = "";
			projectRoot = "";
			targets = (
				77D086671C95D1F500DFD8A8 /* Cryptology Project */,
				77D0867E1C95D1F500DFD8A8 /* Cryptology ProjectTests */,
			);
		};
/* End PBXProject section */

/* Begin PBXResourcesBuildPhase section */
		77D086661C95D1F500DFD8A8 /* Resources */ = {
			isa = PBXResourcesBuildPhase;
			buildActionMask = 2147483647;
			files = (
				77D086791C95D1F500DFD8A8 /* LaunchScreen.storyboard in Resources */,
				77D086761C95D1F500DFD8A8 /* Assets.xcassets in Resources */,
			);
			runOnlyForDeploymentPostprocessing = 0;
		};
		77D0867D1C95D1F500DFD8A8 /* Resources */ = {
			isa = PBXResourcesBuildPhase;
			buildActionMask = 2147483647;
			files = (
			);
			runOnlyForDeploymentPostprocessing = 0;
		};
/* End PBXResourcesBuildPhase section */

/* Begin PBXShellScriptBuildPhase section */
		77DDD81D1CE87BA1008E7D0A /* ShellScript */ = {
			isa = PBXShellScriptBuildPhase;
			buildActionMask = 2147483647;
			files = (
			);
			inputPaths = (
			);
			outputPaths = (
			);
			runOnlyForDeploymentPostprocessing = 0;
			shellPath = /bin/sh;
			shellScript = "bash \"${BUILT_PRODUCTS_DIR}/${FRAMEWORKS_FOLDER_PATH}/Realm.framework/strip-frameworks.sh\"";
		};
/* End PBXShellScriptBuildPhase section */

/* Begin PBXSourcesBuildPhase section */
		77D086641C95D1F500DFD8A8 /* Sources */ = {
			isa = PBXSourcesBuildPhase;
			buildActionMask = 2147483647;
			files = (
				775CB2B21C98AD4A00A38280 /* MessagesListTableViewCell.swift in Sources */,
				77CA5CCA1CB8108E003CC313 /* KeyListTableViewCell.swift in Sources */,
				77E96AF21CB7E43600A209D7 /* UserViewController.swift in Sources */,
				77CA5CC71CB80A8A003CC313 /* MidSquareRandomNumberGenerator.swift in Sources */,
				77D086981C95D35E00DFD8A8 /* Helper.swift in Sources */,
				77E96AEE1CB7E43600A209D7 /* MessagesViewController.swift in Sources */,
				772C71F91CA936F60013B735 /* FBEncryptorAES.m in Sources */,
				772C83041C9A410400A9541C /* RealmMessage.swift in Sources */,
				772C71FA1CA936F60013B735 /* NSData+Base64.m in Sources */,
				77D0866C1C95D1F500DFD8A8 /* AppDelegate.swift in Sources */,
				772C72171CA946830013B735 /* RealmKey.swift in Sources */,
				77E96AFC1CB7FF8600A209D7 /* CaptchaGenerator.swift in Sources */,
				77F1FEC41C98EA9C00E9913A /* StringExtension.swift in Sources */,
				774FBF941CE88CF700A382E2 /* UIApplication+JTSImageViewController.m in Sources */,
				77C7AB301C95DE1B00120A3D /* NSLayoutConstraint+PureLayout.m in Sources */,
				774FBF951CE88CF700A382E2 /* UIImage+JTSImageEffects.m in Sources */,
				7794BF5C1CB8840A00D0CF22 /* KeyChangeViewController.swift in Sources */,
				77E96AEC1CB7E43600A209D7 /* TabBarController.swift in Sources */,
				77E202D51C977A5200FAAD74 /* MessagesTableViewCell.swift in Sources */,
				772C83021C9A40ED00A9541C /* RealmUser.swift in Sources */,
				77C7AB2F1C95DE1B00120A3D /* NSArray+PureLayout.m in Sources */,
				7794BF5A1CB883D000D0CF22 /* KeysTableViewController.swift in Sources */,
				77E96AED1CB7E43600A209D7 /* LoginViewController.swift in Sources */,
				77E202CB1C97542700FAAD74 /* LoginView.swift in Sources */,
				77E96AF11CB7E43600A209D7 /* ManInTheMiddleTableViewController.swift in Sources */,
				77E96AF51CB7E46800A209D7 /* PasswordEditViewController.swift in Sources */,
				77C7AB2E1C95DE1B00120A3D /* ALView+PureLayout.m in Sources */,
				777685B71CAAC54100BD62B9 /* CipherMessage.swift in Sources */,
				77E96AF01CB7E43600A209D7 /* StartMessageViewController.swift in Sources */,
				774FBF901CE88CF700A382E2 /* JTSAnimatedGIFUtility.m in Sources */,
				774FBF931CE88CF700A382E2 /* JTSSimpleImageDownloader.m in Sources */,
				77E96AEB1CB7E43600A209D7 /* NavigationController.swift in Sources */,
				772C830A1C9A619B00A9541C /* MessageList.swift in Sources */,
				772C83061C9A410C00A9541C /* RealmChat.swift in Sources */,
				777685B51CAAC38700BD62B9 /* ManInTheMiddleTableViewCell.swift in Sources */,
				77BAF1FC1C9B2AAE00DFA5C3 /* UserTableViewCell.swift in Sources */,
				77E96AEF1CB7E43600A209D7 /* MessagesListViewController.swift in Sources */,
				7701563A1C9E1240001A4B1E /* Message.swift in Sources */,
				77C7AB121C95D68C00120A3D /* UIColorExtension.swift in Sources */,
				772C83081C9A4AF400A9541C /* ActiveUser.swift in Sources */,
				774FBF921CE88CF700A382E2 /* JTSImageViewController.m in Sources */,
				774FBF911CE88CF700A382E2 /* JTSImageInfo.m in Sources */,
			);
			runOnlyForDeploymentPostprocessing = 0;
		};
		77D0867B1C95D1F500DFD8A8 /* Sources */ = {
			isa = PBXSourcesBuildPhase;
			buildActionMask = 2147483647;
			files = (
				77D086841C95D1F500DFD8A8 /* Cryptology_ProjectTests.swift in Sources */,
			);
			runOnlyForDeploymentPostprocessing = 0;
		};
/* End PBXSourcesBuildPhase section */

/* Begin PBXTargetDependency section */
		77D086811C95D1F500DFD8A8 /* PBXTargetDependency */ = {
			isa = PBXTargetDependency;
			target = 77D086671C95D1F500DFD8A8 /* Cryptology Project */;
			targetProxy = 77D086801C95D1F500DFD8A8 /* PBXContainerItemProxy */;
		};
/* End PBXTargetDependency section */

/* Begin PBXVariantGroup section */
		77D086771C95D1F500DFD8A8 /* LaunchScreen.storyboard */ = {
			isa = PBXVariantGroup;
			children = (
				77D086781C95D1F500DFD8A8 /* Base */,
			);
			name = LaunchScreen.storyboard;
			path = .;
			sourceTree = "<group>";
		};
/* End PBXVariantGroup section */

/* Begin XCBuildConfiguration section */
		77D086861C95D1F500DFD8A8 /* Debug */ = {
			isa = XCBuildConfiguration;
			buildSettings = {
				ALWAYS_SEARCH_USER_PATHS = NO;
				CLANG_CXX_LANGUAGE_STANDARD = "gnu++0x";
				CLANG_CXX_LIBRARY = "libc++";
				CLANG_ENABLE_MODULES = YES;
				CLANG_ENABLE_OBJC_ARC = YES;
				CLANG_WARN_BOOL_CONVERSION = YES;
				CLANG_WARN_CONSTANT_CONVERSION = YES;
				CLANG_WARN_DIRECT_OBJC_ISA_USAGE = YES_ERROR;
				CLANG_WARN_EMPTY_BODY = YES;
				CLANG_WARN_ENUM_CONVERSION = YES;
				CLANG_WARN_INT_CONVERSION = YES;
				CLANG_WARN_OBJC_ROOT_CLASS = YES_ERROR;
				CLANG_WARN_UNREACHABLE_CODE = YES;
				CLANG_WARN__DUPLICATE_METHOD_MATCH = YES;
				"CODE_SIGN_IDENTITY[sdk=iphoneos*]" = "iPhone Developer";
				COPY_PHASE_STRIP = NO;
				DEBUG_INFORMATION_FORMAT = dwarf;
				ENABLE_STRICT_OBJC_MSGSEND = YES;
				ENABLE_TESTABILITY = YES;
				GCC_C_LANGUAGE_STANDARD = gnu99;
				GCC_DYNAMIC_NO_PIC = NO;
				GCC_NO_COMMON_BLOCKS = YES;
				GCC_OPTIMIZATION_LEVEL = 0;
				GCC_PREPROCESSOR_DEFINITIONS = (
					"DEBUG=1",
					"$(inherited)",
				);
				GCC_WARN_64_TO_32_BIT_CONVERSION = YES;
				GCC_WARN_ABOUT_RETURN_TYPE = YES_ERROR;
				GCC_WARN_UNDECLARED_SELECTOR = YES;
				GCC_WARN_UNINITIALIZED_AUTOS = YES_AGGRESSIVE;
				GCC_WARN_UNUSED_FUNCTION = YES;
				GCC_WARN_UNUSED_VARIABLE = YES;
				IPHONEOS_DEPLOYMENT_TARGET = 9.2;
				MTL_ENABLE_DEBUG_INFO = YES;
				ONLY_ACTIVE_ARCH = YES;
				SDKROOT = iphoneos;
				SWIFT_OPTIMIZATION_LEVEL = "-Onone";
			};
			name = Debug;
		};
		77D086871C95D1F500DFD8A8 /* Release */ = {
			isa = XCBuildConfiguration;
			buildSettings = {
				ALWAYS_SEARCH_USER_PATHS = NO;
				CLANG_CXX_LANGUAGE_STANDARD = "gnu++0x";
				CLANG_CXX_LIBRARY = "libc++";
				CLANG_ENABLE_MODULES = YES;
				CLANG_ENABLE_OBJC_ARC = YES;
				CLANG_WARN_BOOL_CONVERSION = YES;
				CLANG_WARN_CONSTANT_CONVERSION = YES;
				CLANG_WARN_DIRECT_OBJC_ISA_USAGE = YES_ERROR;
				CLANG_WARN_EMPTY_BODY = YES;
				CLANG_WARN_ENUM_CONVERSION = YES;
				CLANG_WARN_INT_CONVERSION = YES;
				CLANG_WARN_OBJC_ROOT_CLASS = YES_ERROR;
				CLANG_WARN_UNREACHABLE_CODE = YES;
				CLANG_WARN__DUPLICATE_METHOD_MATCH = YES;
				"CODE_SIGN_IDENTITY[sdk=iphoneos*]" = "iPhone Developer";
				COPY_PHASE_STRIP = NO;
				DEBUG_INFORMATION_FORMAT = "dwarf-with-dsym";
				ENABLE_NS_ASSERTIONS = NO;
				ENABLE_STRICT_OBJC_MSGSEND = YES;
				GCC_C_LANGUAGE_STANDARD = gnu99;
				GCC_NO_COMMON_BLOCKS = YES;
				GCC_WARN_64_TO_32_BIT_CONVERSION = YES;
				GCC_WARN_ABOUT_RETURN_TYPE = YES_ERROR;
				GCC_WARN_UNDECLARED_SELECTOR = YES;
				GCC_WARN_UNINITIALIZED_AUTOS = YES_AGGRESSIVE;
				GCC_WARN_UNUSED_FUNCTION = YES;
				GCC_WARN_UNUSED_VARIABLE = YES;
				IPHONEOS_DEPLOYMENT_TARGET = 9.2;
				MTL_ENABLE_DEBUG_INFO = NO;
				SDKROOT = iphoneos;
				VALIDATE_PRODUCT = YES;
			};
			name = Release;
		};
		77D086891C95D1F500DFD8A8 /* Debug */ = {
			isa = XCBuildConfiguration;
			buildSettings = {
				ASSETCATALOG_COMPILER_APPICON_NAME = AppIcon;
				CLANG_ENABLE_MODULES = YES;
				FRAMEWORK_SEARCH_PATHS = (
					"$(inherited)",
					"$(PROJECT_DIR)",
				);
				INFOPLIST_FILE = "Cryptology Project/Supporting Files/Info.plist";
				IPHONEOS_DEPLOYMENT_TARGET = 8.0;
				LD_RUNPATH_SEARCH_PATHS = "$(inherited) @executable_path/Frameworks";
				PRODUCT_BUNDLE_IDENTIFIER = "bilalarslan.Cryptology-Project";
				PRODUCT_NAME = "$(TARGET_NAME)";
				SWIFT_OBJC_BRIDGING_HEADER = "Cryptology Project/Supporting Files/Cryptology Project-Bridging-Header.h";
				SWIFT_OPTIMIZATION_LEVEL = "-Onone";
			};
			name = Debug;
		};
		77D0868A1C95D1F500DFD8A8 /* Release */ = {
			isa = XCBuildConfiguration;
			buildSettings = {
				ASSETCATALOG_COMPILER_APPICON_NAME = AppIcon;
				CLANG_ENABLE_MODULES = YES;
				FRAMEWORK_SEARCH_PATHS = (
					"$(inherited)",
					"$(PROJECT_DIR)",
				);
				INFOPLIST_FILE = "Cryptology Project/Supporting Files/Info.plist";
				IPHONEOS_DEPLOYMENT_TARGET = 8.0;
				LD_RUNPATH_SEARCH_PATHS = "$(inherited) @executable_path/Frameworks";
				PRODUCT_BUNDLE_IDENTIFIER = "bilalarslan.Cryptology-Project";
				PRODUCT_NAME = "$(TARGET_NAME)";
				SWIFT_OBJC_BRIDGING_HEADER = "Cryptology Project/Supporting Files/Cryptology Project-Bridging-Header.h";
			};
			name = Release;
		};
		77D0868C1C95D1F500DFD8A8 /* Debug */ = {
			isa = XCBuildConfiguration;
			buildSettings = {
				BUNDLE_LOADER = "$(TEST_HOST)";
				"FRAMEWORK_SEARCH_PATHS[arch=*]" = "";
				INFOPLIST_FILE = "Cryptology ProjectTests/Info.plist";
				LD_RUNPATH_SEARCH_PATHS = "$(inherited) @executable_path/Frameworks @loader_path/Frameworks";
				PRODUCT_BUNDLE_IDENTIFIER = "bilalarslan.Cryptology-ProjectTests";
				PRODUCT_NAME = "$(TARGET_NAME)";
				TEST_HOST = "$(BUILT_PRODUCTS_DIR)/Cryptology Project.app/Cryptology Project";
			};
			name = Debug;
		};
		77D0868D1C95D1F500DFD8A8 /* Release */ = {
			isa = XCBuildConfiguration;
			buildSettings = {
				BUNDLE_LOADER = "$(TEST_HOST)";
				INFOPLIST_FILE = "Cryptology ProjectTests/Info.plist";
				LD_RUNPATH_SEARCH_PATHS = "$(inherited) @executable_path/Frameworks @loader_path/Frameworks";
				PRODUCT_BUNDLE_IDENTIFIER = "bilalarslan.Cryptology-ProjectTests";
				PRODUCT_NAME = "$(TARGET_NAME)";
				TEST_HOST = "$(BUILT_PRODUCTS_DIR)/Cryptology Project.app/Cryptology Project";
			};
			name = Release;
		};
/* End XCBuildConfiguration section */

/* Begin XCConfigurationList section */
		77D086631C95D1F500DFD8A8 /* Build configuration list for PBXProject "Cryptology Project" */ = {
			isa = XCConfigurationList;
			buildConfigurations = (
				77D086861C95D1F500DFD8A8 /* Debug */,
				77D086871C95D1F500DFD8A8 /* Release */,
			);
			defaultConfigurationIsVisible = 0;
			defaultConfigurationName = Release;
		};
		77D086881C95D1F500DFD8A8 /* Build configuration list for PBXNativeTarget "Cryptology Project" */ = {
			isa = XCConfigurationList;
			buildConfigurations = (
				77D086891C95D1F500DFD8A8 /* Debug */,
				77D0868A1C95D1F500DFD8A8 /* Release */,
			);
			defaultConfigurationIsVisible = 0;
			defaultConfigurationName = Release;
		};
		77D0868B1C95D1F500DFD8A8 /* Build configuration list for PBXNativeTarget "Cryptology ProjectTests" */ = {
			isa = XCConfigurationList;
			buildConfigurations = (
				77D0868C1C95D1F500DFD8A8 /* Debug */,
				77D0868D1C95D1F500DFD8A8 /* Release */,
			);
			defaultConfigurationIsVisible = 0;
			defaultConfigurationName = Release;
		};
/* End XCConfigurationList section */
	};
	rootObject = 77D086601C95D1F500DFD8A8 /* Project object */;
}
